
Microsoft Visual Studio Solution File, Format Version 12.00
# Visual Studio Version 16
VisualStudioVersion = 16.0.29728.190
MinimumVisualStudioVersion = 10.0.40219.1
Project("{FAE04EC0-301F-11D3-BF4B-00C04F79EFBC}") = "Atom.Client.VisualStudio", "Client\Atom.Client.VisualStudio\Atom.Client.VisualStudio.csproj", "{7A0F5A0A-4274-48F2-9B8A-5E2D8C15E75A}"
EndProject
Project("{2150E333-8FDC-42A3-9474-1A3956D46DE8}") = "Extensions", "Extensions", "{6AB649B8-FD20-495B-B549-6A6FC62858F8}"
EndProject
Project("{2150E333-8FDC-42A3-9474-1A3956D46DE8}") = "Templates", "Templates", "{1CC47045-4472-44A1-8CAA-7BDF093846A4}"
EndProject
Project("{FAE04EC0-301F-11D3-BF4B-00C04F79EFBC}") = "Atom.Runtime.Executor", "Runtime\Atom.Runtime.Executor\Atom.Runtime.Executor.csproj", "{14BA1EBA-DF30-4C0A-B4FD-5248EA190631}"
EndProject
Project("{FAE04EC0-301F-11D3-BF4B-00C04F79EFBC}") = "Atom.Client", "Client\Atom.Client\Atom.Client.csproj", "{5570B6F6-4B73-4DA7-A190-8E0C71D1FAEA}"
EndProject
Project("{FAE04EC0-301F-11D3-BF4B-00C04F79EFBC}") = "Atom.Runtime.Extension.Office", "Extensions\Atom.Runtime.Extension.Office\Atom.Runtime.Extension.Office.csproj", "{B4248ECA-66FB-4A60-9912-B732237FC71A}"
EndProject
Project("{FAE04EC0-301F-11D3-BF4B-00C04F79EFBC}") = "Atom.Runtime.Extension.Common", "Extensions\Atom.Runtime.Extension.Common\Atom.Runtime.Extension.Common.csproj", "{26DECC91-06F3-4733-A979-98642F856C7D}"
EndProject
Project("{FAE04EC0-301F-11D3-BF4B-00C04F79EFBC}") = "Atom.Runtime.Extension.Desktop", "Extensions\Atom.Runtime.Extension.Desktop\Atom.Runtime.Extension.Desktop.csproj", "{871D86FF-C5AD-4724-A284-F4DD5298B65C}"
EndProject
Project("{FAE04EC0-301F-11D3-BF4B-00C04F79EFBC}") = "Atom.Runtime", "Runtime\Atom.Runtime\Atom.Runtime.csproj", "{0201F788-4A9D-486F-851E-F808D2066D29}"
EndProject
Project("{2150E333-8FDC-42A3-9474-1A3956D46DE8}") = "Design", "Design", "{68F0167E-10FE-40D2-9095-5F2DA8137C8A}"
EndProject
Project("{2150E333-8FDC-42A3-9474-1A3956D46DE8}") = "Client", "Client", "{9105FE2D-ABA1-4ED0-B40E-AB1F021169BF}"
EndProject
Project("{FAE04EC0-301F-11D3-BF4B-00C04F79EFBC}") = "Atom.DataTableDesigner", "Templates\Atom.DataTableDesigner\Atom.DataTableDesigner.csproj", "{02E92CD0-D378-4524-AB57-07A5E3EF262C}"
EndProject
Project("{FAE04EC0-301F-11D3-BF4B-00C04F79EFBC}") = "Atom.Design.Extension.Desktop", "Extensions\Atom.Design.Extension.Desktop\Atom.Design.Extension.Desktop.csproj", "{1E1E31F3-B3DA-4183-8D67-6FC9B3278BBC}"
EndProject
Project("{FAE04EC0-301F-11D3-BF4B-00C04F79EFBC}") = "Atom.Client.Desktop", "Client\Atom.Client.Desktop\Atom.Client.Desktop.csproj", "{BD4F4321-FE83-46A8-AFA5-2293F72B1490}"
EndProject
Project("{FAE04EC0-301F-11D3-BF4B-00C04F79EFBC}") = "Atom.Design.Extension.Common", "Extensions\Atom.Design.Extension.Common\Atom.Design.Extension.Common.csproj", "{315A04EF-85D1-4050-A15F-9CEEC79496F1}"
EndProject
Project("{FAE04EC0-301F-11D3-BF4B-00C04F79EFBC}") = "Atom.WorkflowDesigner", "Templates\Atom.WorkflowDesigner\Atom.WorkflowDesigner.csproj", "{2CE3B7F1-1BB0-4E54-A7E1-5A85FD31CDAD}"
EndProject
Project("{FAE04EC0-301F-11D3-BF4B-00C04F79EFBC}") = "Atom.ActionDesigner", "Templates\Atom.ActionDesigner\Atom.ActionDesigner.csproj", "{84F08EC8-4662-49FD-9640-C2CDCA87DB1F}"
EndProject
Project("{FAE04EC0-301F-11D3-BF4B-00C04F79EFBC}") = "Atom.Design.Hosting", "Design\Atom.Design.Hosting\Atom.Design.Hosting.csproj", "{615FDFB3-9705-4DC6-80C7-DC347EB45F79}"
EndProject
Project("{FAE04EC0-301F-11D3-BF4B-00C04F79EFBC}") = "Atom.Design.Reflection", "Design\Atom.Design.Reflection\Atom.Design.Reflection.csproj", "{483AA90D-3652-4186-B319-EE631060968B}"
EndProject
Project("{FAE04EC0-301F-11D3-BF4B-00C04F79EFBC}") = "Atom.Design.Reflection.Binary", "Design\Atom.Design.Reflection.Binary\Atom.Design.Reflection.Binary.csproj", "{81578FD8-141A-4BF2-88DD-9C9044DB9127}"
EndProject
Project("{FAE04EC0-301F-11D3-BF4B-00C04F79EFBC}") = "Atom.Design.Reflection.Code", "Design\Atom.Design.Reflection.Code\Atom.Design.Reflection.Code.csproj", "{873BCA9A-3C7E-4717-82B5-43A36E19A33D}"
EndProject
Project("{FAE04EC0-301F-11D3-BF4B-00C04F79EFBC}") = "Atom.Design", "Design\Atom.Design\Atom.Design.csproj", "{25416D2A-62DD-404E-8285-34EB77F6DA6F}"
EndProject
Project("{FAE04EC0-301F-11D3-BF4B-00C04F79EFBC}") = "Atom.Design.Common", "Design\Atom.Design.Common\Atom.Design.Common.csproj", "{51570852-042C-41F7-9DD2-1EFDC45F93C7}"
EndProject
Project("{2150E333-8FDC-42A3-9474-1A3956D46DE8}") = "Runtime", "Runtime", "{63F99D5E-2B9A-48D0-BA03-EB0684E1E50C}"
EndProject
Project("{FAE04EC0-301F-11D3-BF4B-00C04F79EFBC}") = "Atom.Design.Services", "Design\Atom.Design.Services\Atom.Design.Services.csproj", "{8A81DAB5-0003-4D61-9D81-EBC1D9431C10}"
EndProject
Project("{FAE04EC0-301F-11D3-BF4B-00C04F79EFBC}") = "Atom.ConditionDesigner", "Templates\Atom.ConditionDesigner\Atom.ConditionDesigner.csproj", "{56088C44-0C36-4E87-8D78-B109C5A040B7}"
EndProject
Global
	GlobalSection(SolutionConfigurationPlatforms) = preSolution
		Debug|Any CPU = Debug|Any CPU
		Release|Any CPU = Release|Any CPU
	EndGlobalSection
	GlobalSection(ProjectConfigurationPlatforms) = postSolution
		{7A0F5A0A-4274-48F2-9B8A-5E2D8C15E75A}.Debug|Any CPU.ActiveCfg = Debug|Any CPU
		{7A0F5A0A-4274-48F2-9B8A-5E2D8C15E75A}.Debug|Any CPU.Build.0 = Debug|Any CPU
		{7A0F5A0A-4274-48F2-9B8A-5E2D8C15E75A}.Release|Any CPU.ActiveCfg = Release|Any CPU
		{7A0F5A0A-4274-48F2-9B8A-5E2D8C15E75A}.Release|Any CPU.Build.0 = Release|Any CPU
		{14BA1EBA-DF30-4C0A-B4FD-5248EA190631}.Debug|Any CPU.ActiveCfg = Debug|Any CPU
		{14BA1EBA-DF30-4C0A-B4FD-5248EA190631}.Debug|Any CPU.Build.0 = Debug|Any CPU
		{14BA1EBA-DF30-4C0A-B4FD-5248EA190631}.Release|Any CPU.ActiveCfg = Release|Any CPU
		{14BA1EBA-DF30-4C0A-B4FD-5248EA190631}.Release|Any CPU.Build.0 = Release|Any CPU
		{5570B6F6-4B73-4DA7-A190-8E0C71D1FAEA}.Debug|Any CPU.ActiveCfg = Debug|Any CPU
		{5570B6F6-4B73-4DA7-A190-8E0C71D1FAEA}.Debug|Any CPU.Build.0 = Debug|Any CPU
		{5570B6F6-4B73-4DA7-A190-8E0C71D1FAEA}.Release|Any CPU.ActiveCfg = Release|Any CPU
		{5570B6F6-4B73-4DA7-A190-8E0C71D1FAEA}.Release|Any CPU.Build.0 = Release|Any CPU
		{B4248ECA-66FB-4A60-9912-B732237FC71A}.Debug|Any CPU.ActiveCfg = Debug|Any CPU
		{B4248ECA-66FB-4A60-9912-B732237FC71A}.Debug|Any CPU.Build.0 = Debug|Any CPU
		{B4248ECA-66FB-4A60-9912-B732237FC71A}.Release|Any CPU.ActiveCfg = Release|Any CPU
		{26DECC91-06F3-4733-A979-98642F856C7D}.Debug|Any CPU.ActiveCfg = Debug|Any CPU
		{26DECC91-06F3-4733-A979-98642F856C7D}.Debug|Any CPU.Build.0 = Debug|Any CPU
		{26DECC91-06F3-4733-A979-98642F856C7D}.Release|Any CPU.ActiveCfg = Release|Any CPU
		{26DECC91-06F3-4733-A979-98642F856C7D}.Release|Any CPU.Build.0 = Release|Any CPU
		{871D86FF-C5AD-4724-A284-F4DD5298B65C}.Debug|Any CPU.ActiveCfg = Debug|Any CPU
		{871D86FF-C5AD-4724-A284-F4DD5298B65C}.Debug|Any CPU.Build.0 = Debug|Any CPU
		{871D86FF-C5AD-4724-A284-F4DD5298B65C}.Release|Any CPU.ActiveCfg = Release|Any CPU
		{871D86FF-C5AD-4724-A284-F4DD5298B65C}.Release|Any CPU.Build.0 = Release|Any CPU
		{0201F788-4A9D-486F-851E-F808D2066D29}.Debug|Any CPU.ActiveCfg = Debug|Any CPU
		{0201F788-4A9D-486F-851E-F808D2066D29}.Debug|Any CPU.Build.0 = Debug|Any CPU
		{0201F788-4A9D-486F-851E-F808D2066D29}.Release|Any CPU.ActiveCfg = Release|Any CPU
		{0201F788-4A9D-486F-851E-F808D2066D29}.Release|Any CPU.Build.0 = Release|Any CPU
		{02E92CD0-D378-4524-AB57-07A5E3EF262C}.Debug|Any CPU.ActiveCfg = Debug|Any CPU
		{02E92CD0-D378-4524-AB57-07A5E3EF262C}.Debug|Any CPU.Build.0 = Debug|Any CPU
		{02E92CD0-D378-4524-AB57-07A5E3EF262C}.Release|Any CPU.ActiveCfg = Release|Any CPU
		{02E92CD0-D378-4524-AB57-07A5E3EF262C}.Release|Any CPU.Build.0 = Release|Any CPU
		{1E1E31F3-B3DA-4183-8D67-6FC9B3278BBC}.Debug|Any CPU.ActiveCfg = Debug|Any CPU
		{1E1E31F3-B3DA-4183-8D67-6FC9B3278BBC}.Debug|Any CPU.Build.0 = Debug|Any CPU
		{1E1E31F3-B3DA-4183-8D67-6FC9B3278BBC}.Release|Any CPU.ActiveCfg = Release|Any CPU
		{1E1E31F3-B3DA-4183-8D67-6FC9B3278BBC}.Release|Any CPU.Build.0 = Release|Any CPU
		{BD4F4321-FE83-46A8-AFA5-2293F72B1490}.Debug|Any CPU.ActiveCfg = Debug|Any CPU
		{BD4F4321-FE83-46A8-AFA5-2293F72B1490}.Debug|Any CPU.Build.0 = Debug|Any CPU
		{BD4F4321-FE83-46A8-AFA5-2293F72B1490}.Release|Any CPU.ActiveCfg = Release|Any CPU
		{BD4F4321-FE83-46A8-AFA5-2293F72B1490}.Release|Any CPU.Build.0 = Release|Any CPU
		{315A04EF-85D1-4050-A15F-9CEEC79496F1}.Debug|Any CPU.ActiveCfg = Debug|Any CPU
		{315A04EF-85D1-4050-A15F-9CEEC79496F1}.Debug|Any CPU.Build.0 = Debug|Any CPU
		{315A04EF-85D1-4050-A15F-9CEEC79496F1}.Release|Any CPU.ActiveCfg = Release|Any CPU
		{315A04EF-85D1-4050-A15F-9CEEC79496F1}.Release|Any CPU.Build.0 = Release|Any CPU
		{2CE3B7F1-1BB0-4E54-A7E1-5A85FD31CDAD}.Debug|Any CPU.ActiveCfg = Debug|Any CPU
		{2CE3B7F1-1BB0-4E54-A7E1-5A85FD31CDAD}.Debug|Any CPU.Build.0 = Debug|Any CPU
		{2CE3B7F1-1BB0-4E54-A7E1-5A85FD31CDAD}.Release|Any CPU.ActiveCfg = Release|Any CPU
		{2CE3B7F1-1BB0-4E54-A7E1-5A85FD31CDAD}.Release|Any CPU.Build.0 = Release|Any CPU
		{84F08EC8-4662-49FD-9640-C2CDCA87DB1F}.Debug|Any CPU.ActiveCfg = Debug|Any CPU
		{84F08EC8-4662-49FD-9640-C2CDCA87DB1F}.Debug|Any CPU.Build.0 = Debug|Any CPU
		{84F08EC8-4662-49FD-9640-C2CDCA87DB1F}.Release|Any CPU.ActiveCfg = Release|Any CPU
		{84F08EC8-4662-49FD-9640-C2CDCA87DB1F}.Release|Any CPU.Build.0 = Release|Any CPU
		{615FDFB3-9705-4DC6-80C7-DC347EB45F79}.Debug|Any CPU.ActiveCfg = Debug|Any CPU
		{615FDFB3-9705-4DC6-80C7-DC347EB45F79}.Debug|Any CPU.Build.0 = Debug|Any CPU
		{615FDFB3-9705-4DC6-80C7-DC347EB45F79}.Release|Any CPU.ActiveCfg = Release|Any CPU
		{615FDFB3-9705-4DC6-80C7-DC347EB45F79}.Release|Any CPU.Build.0 = Release|Any CPU
		{483AA90D-3652-4186-B319-EE631060968B}.Debug|Any CPU.ActiveCfg = Debug|Any CPU
		{483AA90D-3652-4186-B319-EE631060968B}.Debug|Any CPU.Build.0 = Debug|Any CPU
		{483AA90D-3652-4186-B319-EE631060968B}.Release|Any CPU.ActiveCfg = Release|Any CPU
		{483AA90D-3652-4186-B319-EE631060968B}.Release|Any CPU.Build.0 = Release|Any CPU
		{81578FD8-141A-4BF2-88DD-9C9044DB9127}.Debug|Any CPU.ActiveCfg = Debug|Any CPU
		{81578FD8-141A-4BF2-88DD-9C9044DB9127}.Debug|Any CPU.Build.0 = Debug|Any CPU
		{81578FD8-141A-4BF2-88DD-9C9044DB9127}.Release|Any CPU.ActiveCfg = Release|Any CPU
		{81578FD8-141A-4BF2-88DD-9C9044DB9127}.Release|Any CPU.Build.0 = Release|Any CPU
		{873BCA9A-3C7E-4717-82B5-43A36E19A33D}.Debug|Any CPU.ActiveCfg = Debug|Any CPU
		{873BCA9A-3C7E-4717-82B5-43A36E19A33D}.Debug|Any CPU.Build.0 = Debug|Any CPU
		{873BCA9A-3C7E-4717-82B5-43A36E19A33D}.Release|Any CPU.ActiveCfg = Release|Any CPU
		{873BCA9A-3C7E-4717-82B5-43A36E19A33D}.Release|Any CPU.Build.0 = Release|Any CPU
		{25416D2A-62DD-404E-8285-34EB77F6DA6F}.Debug|Any CPU.ActiveCfg = Debug|Any CPU
		{25416D2A-62DD-404E-8285-34EB77F6DA6F}.Debug|Any CPU.Build.0 = Debug|Any CPU
		{25416D2A-62DD-404E-8285-34EB77F6DA6F}.Release|Any CPU.ActiveCfg = Release|Any CPU
		{25416D2A-62DD-404E-8285-34EB77F6DA6F}.Release|Any CPU.Build.0 = Release|Any CPU
		{51570852-042C-41F7-9DD2-1EFDC45F93C7}.Debug|Any CPU.ActiveCfg = Debug|Any CPU
		{51570852-042C-41F7-9DD2-1EFDC45F93C7}.Debug|Any CPU.Build.0 = Debug|Any CPU
		{51570852-042C-41F7-9DD2-1EFDC45F93C7}.Release|Any CPU.ActiveCfg = Release|Any CPU
		{51570852-042C-41F7-9DD2-1EFDC45F93C7}.Release|Any CPU.Build.0 = Release|Any CPU
		{8A81DAB5-0003-4D61-9D81-EBC1D9431C10}.Debug|Any CPU.ActiveCfg = Debug|Any CPU
		{8A81DAB5-0003-4D61-9D81-EBC1D9431C10}.Debug|Any CPU.Build.0 = Debug|Any CPU
		{8A81DAB5-0003-4D61-9D81-EBC1D9431C10}.Release|Any CPU.ActiveCfg = Release|Any CPU
		{8A81DAB5-0003-4D61-9D81-EBC1D9431C10}.Release|Any CPU.Build.0 = Release|Any CPU
		{56088C44-0C36-4E87-8D78-B109C5A040B7}.Debug|Any CPU.ActiveCfg = Debug|Any CPU
		{56088C44-0C36-4E87-8D78-B109C5A040B7}.Debug|Any CPU.Build.0 = Debug|Any CPU
		{56088C44-0C36-4E87-8D78-B109C5A040B7}.Release|Any CPU.ActiveCfg = Release|Any CPU
		{56088C44-0C36-4E87-8D78-B109C5A040B7}.Release|Any CPU.Build.0 = Release|Any CPU
	EndGlobalSection
	GlobalSection(SolutionProperties) = preSolution
		HideSolutionNode = FALSE
	EndGlobalSection
	GlobalSection(NestedProjects) = preSolution
		{7A0F5A0A-4274-48F2-9B8A-5E2D8C15E75A} = {9105FE2D-ABA1-4ED0-B40E-AB1F021169BF}
		{14BA1EBA-DF30-4C0A-B4FD-5248EA190631} = {63F99D5E-2B9A-48D0-BA03-EB0684E1E50C}
		{5570B6F6-4B73-4DA7-A190-8E0C71D1FAEA} = {9105FE2D-ABA1-4ED0-B40E-AB1F021169BF}
		{B4248ECA-66FB-4A60-9912-B732237FC71A} = {6AB649B8-FD20-495B-B549-6A6FC62858F8}
		{26DECC91-06F3-4733-A979-98642F856C7D} = {6AB649B8-FD20-495B-B549-6A6FC62858F8}
		{871D86FF-C5AD-4724-A284-F4DD5298B65C} = {6AB649B8-FD20-495B-B549-6A6FC62858F8}
		{0201F788-4A9D-486F-851E-F808D2066D29} = {63F99D5E-2B9A-48D0-BA03-EB0684E1E50C}
		{02E92CD0-D378-4524-AB57-07A5E3EF262C} = {1CC47045-4472-44A1-8CAA-7BDF093846A4}
		{1E1E31F3-B3DA-4183-8D67-6FC9B3278BBC} = {6AB649B8-FD20-495B-B549-6A6FC62858F8}
		{BD4F4321-FE83-46A8-AFA5-2293F72B1490} = {9105FE2D-ABA1-4ED0-B40E-AB1F021169BF}
		{315A04EF-85D1-4050-A15F-9CEEC79496F1} = {6AB649B8-FD20-495B-B549-6A6FC62858F8}
		{2CE3B7F1-1BB0-4E54-A7E1-5A85FD31CDAD} = {1CC47045-4472-44A1-8CAA-7BDF093846A4}
		{84F08EC8-4662-49FD-9640-C2CDCA87DB1F} = {1CC47045-4472-44A1-8CAA-7BDF093846A4}
		{615FDFB3-9705-4DC6-80C7-DC347EB45F79} = {68F0167E-10FE-40D2-9095-5F2DA8137C8A}
		{483AA90D-3652-4186-B319-EE631060968B} = {68F0167E-10FE-40D2-9095-5F2DA8137C8A}
		{81578FD8-141A-4BF2-88DD-9C9044DB9127} = {68F0167E-10FE-40D2-9095-5F2DA8137C8A}
		{873BCA9A-3C7E-4717-82B5-43A36E19A33D} = {68F0167E-10FE-40D2-9095-5F2DA8137C8A}
		{25416D2A-62DD-404E-8285-34EB77F6DA6F} = {68F0167E-10FE-40D2-9095-5F2DA8137C8A}
		{51570852-042C-41F7-9DD2-1EFDC45F93C7} = {68F0167E-10FE-40D2-9095-5F2DA8137C8A}
		{8A81DAB5-0003-4D61-9D81-EBC1D9431C10} = {68F0167E-10FE-40D2-9095-5F2DA8137C8A}
		{56088C44-0C36-4E87-8D78-B109C5A040B7} = {1CC47045-4472-44A1-8CAA-7BDF093846A4}
	EndGlobalSection
	GlobalSection(ExtensibilityGlobals) = postSolution
		SolutionGuid = {89F3B14B-F9DE-4A1E-AD8D-3D9E190CA974}
	EndGlobalSection
EndGlobal
